
Microsoft Visual Studio Solution File, Format Version 12.00
# Visual Studio Version 17
VisualStudioVersion = 17.0.32014.148
MinimumVisualStudioVersion = 10.0.40219.1
Project("{2150E333-8FDC-42A3-9474-1A3956D46DE8}") = "Solution Items", "Solution Items", "{591844D9-3F22-4D4A-9687-54B05E9C3E2D}"
	ProjectSection(SolutionItems) = preProject
		Directory.Build.props = Directory.Build.props
	EndProjectSection
EndProject
Project("{FAE04EC0-301F-11D3-BF4B-00C04F79EFBC}") = "Artemis.Plugins.Modules.HomeWizard", "Artemis.Plugins.Modules.HomeWizard\Artemis.Plugins.Modules.HomeWizard.csproj", "{B243A8AC-341E-4EDF-92C0-4D8515406B00}"
EndProject
Project("{FAE04EC0-301F-11D3-BF4B-00C04F79EFBC}") = "Artemis.Plugins.Nodes.Text", "Artemis.Plugins.Nodes.Text\Artemis.Plugins.Nodes.Text.csproj", "{BF92E163-C6EE-442D-B61A-3D4F3D2C7AED}"
EndProject
Project("{FAE04EC0-301F-11D3-BF4B-00C04F79EFBC}") = "Artemis.Plugins.Modules.SystemEvents", "Artemis.Plugins.Modules.SystemEvents\Artemis.Plugins.Modules.SystemEvents.csproj", "{E5696B71-ECBC-4D76-857E-8FC83DF9806B}"
EndProject
Global
	GlobalSection(SolutionConfigurationPlatforms) = preSolution
		Debug|x64 = Debug|x64
		Release|x64 = Release|x64
	EndGlobalSection
	GlobalSection(ProjectConfigurationPlatforms) = postSolution
		{BF92E163-C6EE-442D-B61A-3D4F3D2C7AED}.Debug|x64.ActiveCfg = Debug|x64
		{BF92E163-C6EE-442D-B61A-3D4F3D2C7AED}.Debug|x64.Build.0 = Debug|x64
		{BF92E163-C6EE-442D-B61A-3D4F3D2C7AED}.Release|x64.ActiveCfg = Release|x64
		{BF92E163-C6EE-442D-B61A-3D4F3D2C7AED}.Release|x64.Build.0 = Release|x64
		{B243A8AC-341E-4EDF-92C0-4D8515406B00}.Debug|x64.ActiveCfg = Debug|x64
		{B243A8AC-341E-4EDF-92C0-4D8515406B00}.Debug|x64.Build.0 = Debug|x64
		{E5696B71-ECBC-4D76-857E-8FC83DF9806B}.Debug|x64.ActiveCfg = Debug|x64
		{E5696B71-ECBC-4D76-857E-8FC83DF9806B}.Debug|x64.Build.0 = Debug|x64
		{E5696B71-ECBC-4D76-857E-8FC83DF9806B}.Release|x64.ActiveCfg = Release|x64
		{E5696B71-ECBC-4D76-857E-8FC83DF9806B}.Release|x64.Build.0 = Release|x64
	EndGlobalSection
	GlobalSection(SolutionProperties) = preSolution
		HideSolutionNode = FALSE
	EndGlobalSection
	GlobalSection(NestedProjects) = preSolution
	EndGlobalSection
	GlobalSection(ExtensibilityGlobals) = postSolution
		SolutionGuid = {9B916481-E18C-4776-900C-3E79B636F006}
	EndGlobalSection
EndGlobal
